// !$*UTF8*$!
{
	archiveVersion = 1;
	classes = {
	};
	objectVersion = 56;
	objects = {

/* Begin PBXBuildFile section */
		8128F6DC2BD987D300166495 /* What_s_for_dinner_App.swift in Sources */ = {isa = PBXBuildFile; fileRef = 8128F6DB2BD987D300166495 /* What_s_for_dinner_App.swift */; };
		8128F6DE2BD987D300166495 /* ContentView.swift in Sources */ = {isa = PBXBuildFile; fileRef = 8128F6DD2BD987D300166495 /* ContentView.swift */; };
		8128F6E02BD987D800166495 /* Assets.xcassets in Resources */ = {isa = PBXBuildFile; fileRef = 8128F6DF2BD987D800166495 /* Assets.xcassets */; };
		8128F6E32BD987D800166495 /* Preview Assets.xcassets in Resources */ = {isa = PBXBuildFile; fileRef = 8128F6E22BD987D800166495 /* Preview Assets.xcassets */; };
		8128F6ED2BD987D900166495 /* What_s_for_dinner_Tests.swift in Sources */ = {isa = PBXBuildFile; fileRef = 8128F6EC2BD987D900166495 /* What_s_for_dinner_Tests.swift */; };
		8128F6F72BD987D900166495 /* What_s_for_dinner_UITests.swift in Sources */ = {isa = PBXBuildFile; fileRef = 8128F6F62BD987D900166495 /* What_s_for_dinner_UITests.swift */; };
		8128F6F92BD987D900166495 /* What_s_for_dinner_UITestsLaunchTests.swift in Sources */ = {isa = PBXBuildFile; fileRef = 8128F6F82BD987D900166495 /* What_s_for_dinner_UITestsLaunchTests.swift */; };
		816FBB122BDC6B93000B4DDB /* RecipeDetail.swift in Sources */ = {isa = PBXBuildFile; fileRef = 816FBB112BDC6B93000B4DDB /* RecipeDetail.swift */; };
		819F2C142BD98C9F0090F8E3 /* Recipe.swift in Sources */ = {isa = PBXBuildFile; fileRef = 819F2C132BD98C9F0090F8E3 /* Recipe.swift */; };
		819F2C162BD98CC60090F8E3 /* RecipeService.swift in Sources */ = {isa = PBXBuildFile; fileRef = 819F2C152BD98CC60090F8E3 /* RecipeService.swift */; };
		819F2C182BD98CE10090F8E3 /* RecipesViewModel.swift in Sources */ = {isa = PBXBuildFile; fileRef = 819F2C172BD98CE10090F8E3 /* RecipesViewModel.swift */; };
		819F2C1A2BD98D2E0090F8E3 /* RecipeListView.swift in Sources */ = {isa = PBXBuildFile; fileRef = 819F2C192BD98D2E0090F8E3 /* RecipeListView.swift */; };
		819F2C1C2BD98D440090F8E3 /* RecipeDetailView.swift in Sources */ = {isa = PBXBuildFile; fileRef = 819F2C1B2BD98D440090F8E3 /* RecipeDetailView.swift */; };
		819F2C1E2BD98EE30090F8E3 /* RecipeRow.swift in Sources */ = {isa = PBXBuildFile; fileRef = 819F2C1D2BD98EE30090F8E3 /* RecipeRow.swift */; };
/* End PBXBuildFile section */

/* Begin PBXContainerItemProxy section */
		8128F6E92BD987D900166495 /* PBXContainerItemProxy */ = {
			isa = PBXContainerItemProxy;
			containerPortal = 8128F6D02BD987D200166495 /* Project object */;
			proxyType = 1;
			remoteGlobalIDString = 8128F6D72BD987D300166495;
			remoteInfo = "What's for dinner?";
		};
		8128F6F32BD987D900166495 /* PBXContainerItemProxy */ = {
			isa = PBXContainerItemProxy;
			containerPortal = 8128F6D02BD987D200166495 /* Project object */;
			proxyType = 1;
			remoteGlobalIDString = 8128F6D72BD987D300166495;
			remoteInfo = "What's for dinner?";
		};
/* End PBXContainerItemProxy section */

/* Begin PBXFileReference section */
		8128F6D82BD987D300166495 /* What's for dinner?.app */ = {isa = PBXFileReference; explicitFileType = wrapper.application; includeInIndex = 0; path = "What's for dinner?.app"; sourceTree = BUILT_PRODUCTS_DIR; };
		8128F6DB2BD987D300166495 /* What_s_for_dinner_App.swift */ = {isa = PBXFileReference; lastKnownFileType = sourcecode.swift; path = What_s_for_dinner_App.swift; sourceTree = "<group>"; };
		8128F6DD2BD987D300166495 /* ContentView.swift */ = {isa = PBXFileReference; lastKnownFileType = sourcecode.swift; path = ContentView.swift; sourceTree = "<group>"; };
		8128F6DF2BD987D800166495 /* Assets.xcassets */ = {isa = PBXFileReference; lastKnownFileType = folder.assetcatalog; path = Assets.xcassets; sourceTree = "<group>"; };
		8128F6E22BD987D800166495 /* Preview Assets.xcassets */ = {isa = PBXFileReference; lastKnownFileType = folder.assetcatalog; path = "Preview Assets.xcassets"; sourceTree = "<group>"; };
		8128F6E82BD987D900166495 /* What's for dinner?Tests.xctest */ = {isa = PBXFileReference; explicitFileType = wrapper.cfbundle; includeInIndex = 0; path = "What's for dinner?Tests.xctest"; sourceTree = BUILT_PRODUCTS_DIR; };
		8128F6EC2BD987D900166495 /* What_s_for_dinner_Tests.swift */ = {isa = PBXFileReference; lastKnownFileType = sourcecode.swift; path = What_s_for_dinner_Tests.swift; sourceTree = "<group>"; };
		8128F6F22BD987D900166495 /* What's for dinner?UITests.xctest */ = {isa = PBXFileReference; explicitFileType = wrapper.cfbundle; includeInIndex = 0; path = "What's for dinner?UITests.xctest"; sourceTree = BUILT_PRODUCTS_DIR; };
		8128F6F62BD987D900166495 /* What_s_for_dinner_UITests.swift */ = {isa = PBXFileReference; lastKnownFileType = sourcecode.swift; path = What_s_for_dinner_UITests.swift; sourceTree = "<group>"; };
		8128F6F82BD987D900166495 /* What_s_for_dinner_UITestsLaunchTests.swift */ = {isa = PBXFileReference; lastKnownFileType = sourcecode.swift; path = What_s_for_dinner_UITestsLaunchTests.swift; sourceTree = "<group>"; };
		816FBB112BDC6B93000B4DDB /* RecipeDetail.swift */ = {isa = PBXFileReference; lastKnownFileType = sourcecode.swift; path = RecipeDetail.swift; sourceTree = "<group>"; };
		819F2C132BD98C9F0090F8E3 /* Recipe.swift */ = {isa = PBXFileReference; lastKnownFileType = sourcecode.swift; path = Recipe.swift; sourceTree = "<group>"; };
		819F2C152BD98CC60090F8E3 /* RecipeService.swift */ = {isa = PBXFileReference; lastKnownFileType = sourcecode.swift; path = RecipeService.swift; sourceTree = "<group>"; };
		819F2C172BD98CE10090F8E3 /* RecipesViewModel.swift */ = {isa = PBXFileReference; lastKnownFileType = sourcecode.swift; path = RecipesViewModel.swift; sourceTree = "<group>"; };
		819F2C192BD98D2E0090F8E3 /* RecipeListView.swift */ = {isa = PBXFileReference; lastKnownFileType = sourcecode.swift; path = RecipeListView.swift; sourceTree = "<group>"; };
		819F2C1B2BD98D440090F8E3 /* RecipeDetailView.swift */ = {isa = PBXFileReference; lastKnownFileType = sourcecode.swift; path = RecipeDetailView.swift; sourceTree = "<group>"; };
		819F2C1D2BD98EE30090F8E3 /* RecipeRow.swift */ = {isa = PBXFileReference; lastKnownFileType = sourcecode.swift; path = RecipeRow.swift; sourceTree = "<group>"; };
/* End PBXFileReference section */

/* Begin PBXFrameworksBuildPhase section */
		8128F6D52BD987D300166495 /* Frameworks */ = {
			isa = PBXFrameworksBuildPhase;
			buildActionMask = 2147483647;
			files = (
			);
			runOnlyForDeploymentPostprocessing = 0;
		};
		8128F6E52BD987D900166495 /* Frameworks */ = {
			isa = PBXFrameworksBuildPhase;
			buildActionMask = 2147483647;
			files = (
			);
			runOnlyForDeploymentPostprocessing = 0;
		};
		8128F6EF2BD987D900166495 /* Frameworks */ = {
			isa = PBXFrameworksBuildPhase;
			buildActionMask = 2147483647;
			files = (
			);
			runOnlyForDeploymentPostprocessing = 0;
		};
/* End PBXFrameworksBuildPhase section */

/* Begin PBXGroup section */
		8128F6CF2BD987D200166495 = {
			isa = PBXGroup;
			children = (
				8128F6DA2BD987D300166495 /* What's for dinner? */,
				8128F6EB2BD987D900166495 /* What's for dinner?Tests */,
				8128F6F52BD987D900166495 /* What's for dinner?UITests */,
				8128F6D92BD987D300166495 /* Products */,
			);
			sourceTree = "<group>";
		};
		8128F6D92BD987D300166495 /* Products */ = {
			isa = PBXGroup;
			children = (
				8128F6D82BD987D300166495 /* What's for dinner?.app */,
				8128F6E82BD987D900166495 /* What's for dinner?Tests.xctest */,
				8128F6F22BD987D900166495 /* What's for dinner?UITests.xctest */,
			);
			name = Products;
			sourceTree = "<group>";
		};
		8128F6DA2BD987D300166495 /* What's for dinner? */ = {
			isa = PBXGroup;
			children = (
				8128F6DB2BD987D300166495 /* What_s_for_dinner_App.swift */,
				8128F6DD2BD987D300166495 /* ContentView.swift */,
				819F2C192BD98D2E0090F8E3 /* RecipeListView.swift */,
				819F2C1B2BD98D440090F8E3 /* RecipeDetailView.swift */,
				819F2C132BD98C9F0090F8E3 /* Recipe.swift */,
				819F2C152BD98CC60090F8E3 /* RecipeService.swift */,
				816FBB112BDC6B93000B4DDB /* RecipeDetail.swift */,
				819F2C1D2BD98EE30090F8E3 /* RecipeRow.swift */,
				819F2C172BD98CE10090F8E3 /* RecipesViewModel.swift */,
				8128F6DF2BD987D800166495 /* Assets.xcassets */,
				8128F6E12BD987D800166495 /* Preview Content */,
			);
			path = "What's for dinner?";
			sourceTree = "<group>";
		};
		8128F6E12BD987D800166495 /* Preview Content */ = {
			isa = PBXGroup;
			children = (
				8128F6E22BD987D800166495 /* Preview Assets.xcassets */,
			);
			path = "Preview Content";
			sourceTree = "<group>";
		};
		8128F6EB2BD987D900166495 /* What's for dinner?Tests */ = {
			isa = PBXGroup;
			children = (
				8128F6EC2BD987D900166495 /* What_s_for_dinner_Tests.swift */,
			);
			path = "What's for dinner?Tests";
			sourceTree = "<group>";
		};
		8128F6F52BD987D900166495 /* What's for dinner?UITests */ = {
			isa = PBXGroup;
			children = (
				8128F6F62BD987D900166495 /* What_s_for_dinner_UITests.swift */,
				8128F6F82BD987D900166495 /* What_s_for_dinner_UITestsLaunchTests.swift */,
			);
			path = "What's for dinner?UITests";
			sourceTree = "<group>";
		};
/* End PBXGroup section */

/* Begin PBXNativeTarget section */
		8128F6D72BD987D300166495 /* What's for dinner? */ = {
			isa = PBXNativeTarget;
			buildConfigurationList = 8128F6FC2BD987D900166495 /* Build configuration list for PBXNativeTarget "What's for dinner?" */;
			buildPhases = (
				8128F6D42BD987D300166495 /* Sources */,
				8128F6D52BD987D300166495 /* Frameworks */,
				8128F6D62BD987D300166495 /* Resources */,
			);
			buildRules = (
			);
			dependencies = (
			);
			name = "What's for dinner?";
			productName = "What's for dinner?";
			productReference = 8128F6D82BD987D300166495 /* What's for dinner?.app */;
			productType = "com.apple.product-type.application";
		};
		8128F6E72BD987D900166495 /* What's for dinner?Tests */ = {
			isa = PBXNativeTarget;
			buildConfigurationList = 8128F6FF2BD987D900166495 /* Build configuration list for PBXNativeTarget "What's for dinner?Tests" */;
			buildPhases = (
				8128F6E42BD987D900166495 /* Sources */,
				8128F6E52BD987D900166495 /* Frameworks */,
				8128F6E62BD987D900166495 /* Resources */,
			);
			buildRules = (
			);
			dependencies = (
				8128F6EA2BD987D900166495 /* PBXTargetDependency */,
			);
			name = "What's for dinner?Tests";
			productName = "What's for dinner?Tests";
			productReference = 8128F6E82BD987D900166495 /* What's for dinner?Tests.xctest */;
			productType = "com.apple.product-type.bundle.unit-test";
		};
		8128F6F12BD987D900166495 /* What's for dinner?UITests */ = {
			isa = PBXNativeTarget;
			buildConfigurationList = 8128F7022BD987D900166495 /* Build configuration list for PBXNativeTarget "What's for dinner?UITests" */;
			buildPhases = (
				8128F6EE2BD987D900166495 /* Sources */,
				8128F6EF2BD987D900166495 /* Frameworks */,
				8128F6F02BD987D900166495 /* Resources */,
			);
			buildRules = (
			);
			dependencies = (
				8128F6F42BD987D900166495 /* PBXTargetDependency */,
			);
			name = "What's for dinner?UITests";
			productName = "What's for dinner?UITests";
			productReference = 8128F6F22BD987D900166495 /* What's for dinner?UITests.xctest */;
			productType = "com.apple.product-type.bundle.ui-testing";
		};
/* End PBXNativeTarget section */

/* Begin PBXProject section */
		8128F6D02BD987D200166495 /* Project object */ = {
			isa = PBXProject;
			attributes = {
				BuildIndependentTargetsInParallel = 1;
				LastSwiftUpdateCheck = 1530;
				LastUpgradeCheck = 1530;
				TargetAttributes = {
					8128F6D72BD987D300166495 = {
						CreatedOnToolsVersion = 15.3;
					};
					8128F6E72BD987D900166495 = {
						CreatedOnToolsVersion = 15.3;
						TestTargetID = 8128F6D72BD987D300166495;
					};
					8128F6F12BD987D900166495 = {
						CreatedOnToolsVersion = 15.3;
						TestTargetID = 8128F6D72BD987D300166495;
					};
				};
			};
			buildConfigurationList = 8128F6D32BD987D300166495 /* Build configuration list for PBXProject "What's for dinner?" */;
			compatibilityVersion = "Xcode 14.0";
			developmentRegion = en;
			hasScannedForEncodings = 0;
			knownRegions = (
				en,
				Base,
			);
			mainGroup = 8128F6CF2BD987D200166495;
			productRefGroup = 8128F6D92BD987D300166495 /* Products */;
			projectDirPath = "";
			projectRoot = "";
			targets = (
				8128F6D72BD987D300166495 /* What's for dinner? */,
				8128F6E72BD987D900166495 /* What's for dinner?Tests */,
				8128F6F12BD987D900166495 /* What's for dinner?UITests */,
			);
		};
/* End PBXProject section */

/* Begin PBXResourcesBuildPhase section */
		8128F6D62BD987D300166495 /* Resources */ = {
			isa = PBXResourcesBuildPhase;
			buildActionMask = 2147483647;
			files = (
				8128F6E32BD987D800166495 /* Preview Assets.xcassets in Resources */,
				8128F6E02BD987D800166495 /* Assets.xcassets in Resources */,
			);
			runOnlyForDeploymentPostprocessing = 0;
		};
		8128F6E62BD987D900166495 /* Resources */ = {
			isa = PBXResourcesBuildPhase;
			buildActionMask = 2147483647;
			files = (
			);
			runOnlyForDeploymentPostprocessing = 0;
		};
		8128F6F02BD987D900166495 /* Resources */ = {
			isa = PBXResourcesBuildPhase;
			buildActionMask = 2147483647;
			files = (
			);
			runOnlyForDeploymentPostprocessing = 0;
		};
/* End PBXResourcesBuildPhase section */

/* Begin PBXSourcesBuildPhase section */
		8128F6D42BD987D300166495 /* Sources */ = {
			isa = PBXSourcesBuildPhase;
			buildActionMask = 2147483647;
			files = (
				819F2C1C2BD98D440090F8E3 /* RecipeDetailView.swift in Sources */,
				816FBB122BDC6B93000B4DDB /* RecipeDetail.swift in Sources */,
				819F2C1A2BD98D2E0090F8E3 /* RecipeListView.swift in Sources */,
				819F2C1E2BD98EE30090F8E3 /* RecipeRow.swift in Sources */,
				819F2C142BD98C9F0090F8E3 /* Recipe.swift in Sources */,
				8128F6DE2BD987D300166495 /* ContentView.swift in Sources */,
				819F2C182BD98CE10090F8E3 /* RecipesViewModel.swift in Sources */,
				8128F6DC2BD987D300166495 /* What_s_for_dinner_App.swift in Sources */,
				819F2C162BD98CC60090F8E3 /* RecipeService.swift in Sources */,
			);
			runOnlyForDeploymentPostprocessing = 0;
		};
		8128F6E42BD987D900166495 /* Sources */ = {
			isa = PBXSourcesBuildPhase;
			buildActionMask = 2147483647;
			files = (
				8128F6ED2BD987D900166495 /* What_s_for_dinner_Tests.swift in Sources */,
			);
			runOnlyForDeploymentPostprocessing = 0;
		};
		8128F6EE2BD987D900166495 /* Sources */ = {
			isa = PBXSourcesBuildPhase;
			buildActionMask = 2147483647;
			files = (
				8128F6F92BD987D900166495 /* What_s_for_dinner_UITestsLaunchTests.swift in Sources */,
				8128F6F72BD987D900166495 /* What_s_for_dinner_UITests.swift in Sources */,
			);
			runOnlyForDeploymentPostprocessing = 0;
		};
/* End PBXSourcesBuildPhase section */

/* Begin PBXTargetDependency section */
		8128F6EA2BD987D900166495 /* PBXTargetDependency */ = {
			isa = PBXTargetDependency;
			target = 8128F6D72BD987D300166495 /* What's for dinner? */;
			targetProxy = 8128F6E92BD987D900166495 /* PBXContainerItemProxy */;
		};
		8128F6F42BD987D900166495 /* PBXTargetDependency */ = {
			isa = PBXTargetDependency;
			target = 8128F6D72BD987D300166495 /* What's for dinner? */;
			targetProxy = 8128F6F32BD987D900166495 /* PBXContainerItemProxy */;
		};
/* End PBXTargetDependency section */

/* Begin XCBuildConfiguration section */
		8128F6FA2BD987D900166495 /* Debug */ = {
			isa = XCBuildConfiguration;
			buildSettings = {
				ALWAYS_SEARCH_USER_PATHS = NO;
				ASSETCATALOG_COMPILER_GENERATE_SWIFT_ASSET_SYMBOL_EXTENSIONS = YES;
				CLANG_ANALYZER_NONNULL = YES;
				CLANG_ANALYZER_NUMBER_OBJECT_CONVERSION = YES_AGGRESSIVE;
				CLANG_CXX_LANGUAGE_STANDARD = "gnu++20";
				CLANG_ENABLE_MODULES = YES;
				CLANG_ENABLE_OBJC_ARC = YES;
				CLANG_ENABLE_OBJC_WEAK = YES;
				CLANG_WARN_BLOCK_CAPTURE_AUTORELEASING = YES;
				CLANG_WARN_BOOL_CONVERSION = YES;
				CLANG_WARN_COMMA = YES;
				CLANG_WARN_CONSTANT_CONVERSION = YES;
				CLANG_WARN_DEPRECATED_OBJC_IMPLEMENTATIONS = YES;
				CLANG_WARN_DIRECT_OBJC_ISA_USAGE = YES_ERROR;
				CLANG_WARN_DOCUMENTATION_COMMENTS = YES;
				CLANG_WARN_EMPTY_BODY = YES;
				CLANG_WARN_ENUM_CONVERSION = YES;
				CLANG_WARN_INFINITE_RECURSION = YES;
				CLANG_WARN_INT_CONVERSION = YES;
				CLANG_WARN_NON_LITERAL_NULL_CONVERSION = YES;
				CLANG_WARN_OBJC_IMPLICIT_RETAIN_SELF = YES;
				CLANG_WARN_OBJC_LITERAL_CONVERSION = YES;
				CLANG_WARN_OBJC_ROOT_CLASS = YES_ERROR;
				CLANG_WARN_QUOTED_INCLUDE_IN_FRAMEWORK_HEADER = YES;
				CLANG_WARN_RANGE_LOOP_ANALYSIS = YES;
				CLANG_WARN_STRICT_PROTOTYPES = YES;
				CLANG_WARN_SUSPICIOUS_MOVE = YES;
				CLANG_WARN_UNGUARDED_AVAILABILITY = YES_AGGRESSIVE;
				CLANG_WARN_UNREACHABLE_CODE = YES;
				CLANG_WARN__DUPLICATE_METHOD_MATCH = YES;
				COPY_PHASE_STRIP = NO;
				DEBUG_INFORMATION_FORMAT = dwarf;
				ENABLE_STRICT_OBJC_MSGSEND = YES;
				ENABLE_TESTABILITY = YES;
				ENABLE_USER_SCRIPT_SANDBOXING = YES;
				GCC_C_LANGUAGE_STANDARD = gnu17;
				GCC_DYNAMIC_NO_PIC = NO;
				GCC_NO_COMMON_BLOCKS = YES;
				GCC_OPTIMIZATION_LEVEL = 0;
				GCC_PREPROCESSOR_DEFINITIONS = (
					"DEBUG=1",
					"$(inherited)",
				);
				GCC_WARN_64_TO_32_BIT_CONVERSION = YES;
				GCC_WARN_ABOUT_RETURN_TYPE = YES_ERROR;
				GCC_WARN_UNDECLARED_SELECTOR = YES;
				GCC_WARN_UNINITIALIZED_AUTOS = YES_AGGRESSIVE;
				GCC_WARN_UNUSED_FUNCTION = YES;
				GCC_WARN_UNUSED_VARIABLE = YES;
				IPHONEOS_DEPLOYMENT_TARGET = 17.4;
				LOCALIZATION_PREFERS_STRING_CATALOGS = YES;
				MTL_ENABLE_DEBUG_INFO = INCLUDE_SOURCE;
				MTL_FAST_MATH = YES;
				ONLY_ACTIVE_ARCH = YES;
				SDKROOT = iphoneos;
				SWIFT_ACTIVE_COMPILATION_CONDITIONS = "DEBUG $(inherited)";
				SWIFT_OPTIMIZATION_LEVEL = "-Onone";
			};
			name = Debug;
		};
		8128F6FB2BD987D900166495 /* Release */ = {
			isa = XCBuildConfiguration;
			buildSettings = {
				ALWAYS_SEARCH_USER_PATHS = NO;
				ASSETCATALOG_COMPILER_GENERATE_SWIFT_ASSET_SYMBOL_EXTENSIONS = YES;
				CLANG_ANALYZER_NONNULL = YES;
				CLANG_ANALYZER_NUMBER_OBJECT_CONVERSION = YES_AGGRESSIVE;
				CLANG_CXX_LANGUAGE_STANDARD = "gnu++20";
				CLANG_ENABLE_MODULES = YES;
				CLANG_ENABLE_OBJC_ARC = YES;
				CLANG_ENABLE_OBJC_WEAK = YES;
				CLANG_WARN_BLOCK_CAPTURE_AUTORELEASING = YES;
				CLANG_WARN_BOOL_CONVERSION = YES;
				CLANG_WARN_COMMA = YES;
				CLANG_WARN_CONSTANT_CONVERSION = YES;
				CLANG_WARN_DEPRECATED_OBJC_IMPLEMENTATIONS = YES;
				CLANG_WARN_DIRECT_OBJC_ISA_USAGE = YES_ERROR;
				CLANG_WARN_DOCUMENTATION_COMMENTS = YES;
				CLANG_WARN_EMPTY_BODY = YES;
				CLANG_WARN_ENUM_CONVERSION = YES;
				CLANG_WARN_INFINITE_RECURSION = YES;
				CLANG_WARN_INT_CONVERSION = YES;
				CLANG_WARN_NON_LITERAL_NULL_CONVERSION = YES;
				CLANG_WARN_OBJC_IMPLICIT_RETAIN_SELF = YES;
				CLANG_WARN_OBJC_LITERAL_CONVERSION = YES;
				CLANG_WARN_OBJC_ROOT_CLASS = YES_ERROR;
				CLANG_WARN_QUOTED_INCLUDE_IN_FRAMEWORK_HEADER = YES;
				CLANG_WARN_RANGE_LOOP_ANALYSIS = YES;
				CLANG_WARN_STRICT_PROTOTYPES = YES;
				CLANG_WARN_SUSPICIOUS_MOVE = YES;
				CLANG_WARN_UNGUARDED_AVAILABILITY = YES_AGGRESSIVE;
				CLANG_WARN_UNREACHABLE_CODE = YES;
				CLANG_WARN__DUPLICATE_METHOD_MATCH = YES;
				COPY_PHASE_STRIP = NO;
				DEBUG_INFORMATION_FORMAT = "dwarf-with-dsym";
				ENABLE_NS_ASSERTIONS = NO;
				ENABLE_STRICT_OBJC_MSGSEND = YES;
				ENABLE_USER_SCRIPT_SANDBOXING = YES;
				GCC_C_LANGUAGE_STANDARD = gnu17;
				GCC_NO_COMMON_BLOCKS = YES;
				GCC_WARN_64_TO_32_BIT_CONVERSION = YES;
				GCC_WARN_ABOUT_RETURN_TYPE = YES_ERROR;
				GCC_WARN_UNDECLARED_SELECTOR = YES;
				GCC_WARN_UNINITIALIZED_AUTOS = YES_AGGRESSIVE;
				GCC_WARN_UNUSED_FUNCTION = YES;
				GCC_WARN_UNUSED_VARIABLE = YES;
				IPHONEOS_DEPLOYMENT_TARGET = 17.4;
				LOCALIZATION_PREFERS_STRING_CATALOGS = YES;
				MTL_ENABLE_DEBUG_INFO = NO;
				MTL_FAST_MATH = YES;
				SDKROOT = iphoneos;
				SWIFT_COMPILATION_MODE = wholemodule;
				VALIDATE_PRODUCT = YES;
			};
			name = Release;
		};
		8128F6FD2BD987D900166495 /* Debug */ = {
			isa = XCBuildConfiguration;
			buildSettings = {
				ASSETCATALOG_COMPILER_APPICON_NAME = AppIcon;
				ASSETCATALOG_COMPILER_GLOBAL_ACCENT_COLOR_NAME = AccentColor;
				CODE_SIGN_STYLE = Automatic;
				CURRENT_PROJECT_VERSION = 1;
				DEVELOPMENT_ASSET_PATHS = "\"What's for dinner?/Preview Content\"";
				ENABLE_PREVIEWS = YES;
				GENERATE_INFOPLIST_FILE = YES;
				INFOPLIST_KEY_UIApplicationSceneManifest_Generation = YES;
				INFOPLIST_KEY_UIApplicationSupportsIndirectInputEvents = YES;
				INFOPLIST_KEY_UILaunchScreen_Generation = YES;
				INFOPLIST_KEY_UISupportedInterfaceOrientations_iPad = "UIInterfaceOrientationPortrait UIInterfaceOrientationPortraitUpsideDown UIInterfaceOrientationLandscapeLeft UIInterfaceOrientationLandscapeRight";
				INFOPLIST_KEY_UISupportedInterfaceOrientations_iPhone = "UIInterfaceOrientationPortrait UIInterfaceOrientationLandscapeLeft UIInterfaceOrientationLandscapeRight";
				LD_RUNPATH_SEARCH_PATHS = (
					"$(inherited)",
					"@executable_path/Frameworks",
				);
				MARKETING_VERSION = 1.0;
				PRODUCT_BUNDLE_IDENTIFIER = "edu.auburn.mobileapps.What-s-for-dinner-";
				PRODUCT_NAME = "$(TARGET_NAME)";
				SWIFT_EMIT_LOC_STRINGS = YES;
				SWIFT_VERSION = 5.0;
				TARGETED_DEVICE_FAMILY = "1,2";
			};
			name = Debug;
		};
		8128F6FE2BD987D900166495 /* Release */ = {
			isa = XCBuildConfiguration;
			buildSettings = {
				ASSETCATALOG_COMPILER_APPICON_NAME = AppIcon;
				ASSETCATALOG_COMPILER_GLOBAL_ACCENT_COLOR_NAME = AccentColor;
				CODE_SIGN_STYLE = Automatic;
				CURRENT_PROJECT_VERSION = 1;
				DEVELOPMENT_ASSET_PATHS = "\"What's for dinner?/Preview Content\"";
				ENABLE_PREVIEWS = YES;
				GENERATE_INFOPLIST_FILE = YES;
				INFOPLIST_KEY_UIApplicationSceneManifest_Generation = YES;
				INFOPLIST_KEY_UIApplicationSupportsIndirectInputEvents = YES;
				INFOPLIST_KEY_UILaunchScreen_Generation = YES;
				INFOPLIST_KEY_UISupportedInterfaceOrientations_iPad = "UIInterfaceOrientationPortrait UIInterfaceOrientationPortraitUpsideDown UIInterfaceOrientationLandscapeLeft UIInterfaceOrientationLandscapeRight";
				INFOPLIST_KEY_UISupportedInterfaceOrientations_iPhone = "UIInterfaceOrientationPortrait UIInterfaceOrientationLandscapeLeft UIInterfaceOrientationLandscapeRight";
				LD_RUNPATH_SEARCH_PATHS = (
					"$(inherited)",
					"@executable_path/Frameworks",
				);
				MARKETING_VERSION = 1.0;
				PRODUCT_BUNDLE_IDENTIFIER = "edu.auburn.mobileapps.What-s-for-dinner-";
				PRODUCT_NAME = "$(TARGET_NAME)";
				SWIFT_EMIT_LOC_STRINGS = YES;
				SWIFT_VERSION = 5.0;
				TARGETED_DEVICE_FAMILY = "1,2";
			};
			name = Release;
		};
		8128F7002BD987D900166495 /* Debug */ = {
			isa = XCBuildConfiguration;
			buildSettings = {
				ALWAYS_EMBED_SWIFT_STANDARD_LIBRARIES = YES;
				BUNDLE_LOADER = "$(TEST_HOST)";
				CODE_SIGN_STYLE = Automatic;
				CURRENT_PROJECT_VERSION = 1;
				GENERATE_INFOPLIST_FILE = YES;
				IPHONEOS_DEPLOYMENT_TARGET = 17.4;
				MARKETING_VERSION = 1.0;
				PRODUCT_BUNDLE_IDENTIFIER = "edu.auburn.mobileapps.What-s-for-dinner-Tests";
				PRODUCT_NAME = "$(TARGET_NAME)";
				SWIFT_EMIT_LOC_STRINGS = NO;
				SWIFT_VERSION = 5.0;
				TARGETED_DEVICE_FAMILY = "1,2";
				TEST_HOST = "$(BUILT_PRODUCTS_DIR)/What's for dinner?.app/$(BUNDLE_EXECUTABLE_FOLDER_PATH)/What's for dinner?";
			};
			name = Debug;
		};
		8128F7012BD987D900166495 /* Release */ = {
			isa = XCBuildConfiguration;
			buildSettings = {
				ALWAYS_EMBED_SWIFT_STANDARD_LIBRARIES = YES;
				BUNDLE_LOADER = "$(TEST_HOST)";
				CODE_SIGN_STYLE = Automatic;
				CURRENT_PROJECT_VERSION = 1;
				GENERATE_INFOPLIST_FILE = YES;
				IPHONEOS_DEPLOYMENT_TARGET = 17.4;
				MARKETING_VERSION = 1.0;
				PRODUCT_BUNDLE_IDENTIFIER = "edu.auburn.mobileapps.What-s-for-dinner-Tests";
				PRODUCT_NAME = "$(TARGET_NAME)";
				SWIFT_EMIT_LOC_STRINGS = NO;
				SWIFT_VERSION = 5.0;
				TARGETED_DEVICE_FAMILY = "1,2";
				TEST_HOST = "$(BUILT_PRODUCTS_DIR)/What's for dinner?.app/$(BUNDLE_EXECUTABLE_FOLDER_PATH)/What's for dinner?";
			};
			name = Release;
		};
		8128F7032BD987D900166495 /* Debug */ = {
			isa = XCBuildConfiguration;
			buildSettings = {
				ALWAYS_EMBED_SWIFT_STANDARD_LIBRARIES = YES;
				CODE_SIGN_STYLE = Automatic;
				CURRENT_PROJECT_VERSION = 1;
				GENERATE_INFOPLIST_FILE = YES;
				MARKETING_VERSION = 1.0;
				PRODUCT_BUNDLE_IDENTIFIER = "edu.auburn.mobileapps.What-s-for-dinner-UITests";
				PRODUCT_NAME = "$(TARGET_NAME)";
				SWIFT_EMIT_LOC_STRINGS = NO;
				SWIFT_VERSION = 5.0;
				TARGETED_DEVICE_FAMILY = "1,2";
				TEST_TARGET_NAME = "What's for dinner?";
			};
			name = Debug;
		};
		8128F7042BD987D900166495 /* Release */ = {
			isa = XCBuildConfiguration;
			buildSettings = {
				ALWAYS_EMBED_SWIFT_STANDARD_LIBRARIES = YES;
				CODE_SIGN_STYLE = Automatic;
				CURRENT_PROJECT_VERSION = 1;
				GENERATE_INFOPLIST_FILE = YES;
				MARKETING_VERSION = 1.0;
				PRODUCT_BUNDLE_IDENTIFIER = "edu.auburn.mobileapps.What-s-for-dinner-UITests";
				PRODUCT_NAME = "$(TARGET_NAME)";
				SWIFT_EMIT_LOC_STRINGS = NO;
				SWIFT_VERSION = 5.0;
				TARGETED_DEVICE_FAMILY = "1,2";
				TEST_TARGET_NAME = "What's for dinner?";
			};
			name = Release;
		};
/* End XCBuildConfiguration section */

/* Begin XCConfigurationList section */
		8128F6D32BD987D300166495 /* Build configuration list for PBXProject "What's for dinner?" */ = {
			isa = XCConfigurationList;
			buildConfigurations = (
				8128F6FA2BD987D900166495 /* Debug */,
				8128F6FB2BD987D900166495 /* Release */,
			);
			defaultConfigurationIsVisible = 0;
			defaultConfigurationName = Release;
		};
		8128F6FC2BD987D900166495 /* Build configuration list for PBXNativeTarget "What's for dinner?" */ = {
			isa = XCConfigurationList;
			buildConfigurations = (
				8128F6FD2BD987D900166495 /* Debug */,
				8128F6FE2BD987D900166495 /* Release */,
			);
			defaultConfigurationIsVisible = 0;
			defaultConfigurationName = Release;
		};
		8128F6FF2BD987D900166495 /* Build configuration list for PBXNativeTarget "What's for dinner?Tests" */ = {
			isa = XCConfigurationList;
			buildConfigurations = (
				8128F7002BD987D900166495 /* Debug */,
				8128F7012BD987D900166495 /* Release */,
			);
			defaultConfigurationIsVisible = 0;
			defaultConfigurationName = Release;
		};
		8128F7022BD987D900166495 /* Build configuration list for PBXNativeTarget "What's for dinner?UITests" */ = {
			isa = XCConfigurationList;
			buildConfigurations = (
				8128F7032BD987D900166495 /* Debug */,
				8128F7042BD987D900166495 /* Release */,
			);
			defaultConfigurationIsVisible = 0;
			defaultConfigurationName = Release;
		};
/* End XCConfigurationList section */
	};
	rootObject = 8128F6D02BD987D200166495 /* Project object */;
}
